// !$*UTF8*$!
{
	archiveVersion = 1;
	classes = {
	};
	objectVersion = 55;
	objects = {

/* Begin PBXBuildFile section */
		7629CD0C287BA3E50038B2C1 /* AppDelegate.swift in Sources */ = {isa = PBXBuildFile; fileRef = 7629CD0B287BA3E50038B2C1 /* AppDelegate.swift */; };
		7629CD0E287BA3E50038B2C1 /* SceneDelegate.swift in Sources */ = {isa = PBXBuildFile; fileRef = 7629CD0D287BA3E50038B2C1 /* SceneDelegate.swift */; };
		7629CD10287BA3E50038B2C1 /* ViewController.swift in Sources */ = {isa = PBXBuildFile; fileRef = 7629CD0F287BA3E50038B2C1 /* ViewController.swift */; };
		7629CD13287BA3E50038B2C1 /* Main.storyboard in Resources */ = {isa = PBXBuildFile; fileRef = 7629CD11287BA3E50038B2C1 /* Main.storyboard */; };
		7629CD15287BA3E70038B2C1 /* Assets.xcassets in Resources */ = {isa = PBXBuildFile; fileRef = 7629CD14287BA3E70038B2C1 /* Assets.xcassets */; };
		7629CD18287BA3E70038B2C1 /* LaunchScreen.storyboard in Resources */ = {isa = PBXBuildFile; fileRef = 7629CD16287BA3E70038B2C1 /* LaunchScreen.storyboard */; };
		76BF322D287BEDB500B4A763 /* emotionDiaryViewController.swift in Sources */ = {isa = PBXBuildFile; fileRef = 76BF322C287BEDB500B4A763 /* emotionDiaryViewController.swift */; };
		76C1962A287D16AD009C52B0 /* sesac0712ViewController.swift in Sources */ = {isa = PBXBuildFile; fileRef = 76C19629287D16AD009C52B0 /* sesac0712ViewController.swift */; };
/* End PBXBuildFile section */

/* Begin PBXFileReference section */
		76004EF2287EBDBB001BD12F /* sesac-0712.playground */ = {isa = PBXFileReference; lastKnownFileType = file.playground; path = "sesac-0712.playground"; sourceTree = "<group>"; };
		76004EF3287EBDBB001BD12F /* sesac-0713.playground */ = {isa = PBXFileReference; lastKnownFileType = file.playground; path = "sesac-0713.playground"; sourceTree = "<group>"; };
		7629CD08287BA3E50038B2C1 /* sesac-week2.app */ = {isa = PBXFileReference; explicitFileType = wrapper.application; includeInIndex = 0; path = "sesac-week2.app"; sourceTree = BUILT_PRODUCTS_DIR; };
		7629CD0B287BA3E50038B2C1 /* AppDelegate.swift */ = {isa = PBXFileReference; lastKnownFileType = sourcecode.swift; path = AppDelegate.swift; sourceTree = "<group>"; };
		7629CD0D287BA3E50038B2C1 /* SceneDelegate.swift */ = {isa = PBXFileReference; lastKnownFileType = sourcecode.swift; path = SceneDelegate.swift; sourceTree = "<group>"; };
		7629CD0F287BA3E50038B2C1 /* ViewController.swift */ = {isa = PBXFileReference; lastKnownFileType = sourcecode.swift; path = ViewController.swift; sourceTree = "<group>"; };
		7629CD12287BA3E50038B2C1 /* Base */ = {isa = PBXFileReference; lastKnownFileType = file.storyboard; name = Base; path = Base.lproj/Main.storyboard; sourceTree = "<group>"; };
		7629CD14287BA3E70038B2C1 /* Assets.xcassets */ = {isa = PBXFileReference; lastKnownFileType = folder.assetcatalog; path = Assets.xcassets; sourceTree = "<group>"; };
		7629CD17287BA3E70038B2C1 /* Base */ = {isa = PBXFileReference; lastKnownFileType = file.storyboard; name = Base; path = Base.lproj/LaunchScreen.storyboard; sourceTree = "<group>"; };
		7629CD19287BA3E70038B2C1 /* Info.plist */ = {isa = PBXFileReference; lastKnownFileType = text.plist.xml; path = Info.plist; sourceTree = "<group>"; };
		76BF322C287BEDB500B4A763 /* emotionDiaryViewController.swift */ = {isa = PBXFileReference; lastKnownFileType = sourcecode.swift; path = emotionDiaryViewController.swift; sourceTree = "<group>"; };
		76C19629287D16AD009C52B0 /* sesac0712ViewController.swift */ = {isa = PBXFileReference; lastKnownFileType = sourcecode.swift; path = sesac0712ViewController.swift; sourceTree = "<group>"; };
/* End PBXFileReference section */

/* Begin PBXFrameworksBuildPhase section */
		7629CD05287BA3E50038B2C1 /* Frameworks */ = {
			isa = PBXFrameworksBuildPhase;
			buildActionMask = 2147483647;
			files = (
			);
			runOnlyForDeploymentPostprocessing = 0;
		};
/* End PBXFrameworksBuildPhase section */

/* Begin PBXGroup section */
		7629CCFF287BA3E50038B2C1 = {
			isa = PBXGroup;
			children = (
				76004EF2287EBDBB001BD12F /* sesac-0712.playground */,
				76004EF3287EBDBB001BD12F /* sesac-0713.playground */,
				7629CD0A287BA3E50038B2C1 /* sesac-week2 */,
				7629CD09287BA3E50038B2C1 /* Products */,
			);
			sourceTree = "<group>";
		};
		7629CD09287BA3E50038B2C1 /* Products */ = {
			isa = PBXGroup;
			children = (
				7629CD08287BA3E50038B2C1 /* sesac-week2.app */,
			);
			name = Products;
			sourceTree = "<group>";
		};
		7629CD0A287BA3E50038B2C1 /* sesac-week2 */ = {
			isa = PBXGroup;
			children = (
				76C19629287D16AD009C52B0 /* sesac0712ViewController.swift */,
				7629CD0B287BA3E50038B2C1 /* AppDelegate.swift */,
				7629CD0D287BA3E50038B2C1 /* SceneDelegate.swift */,
				7629CD0F287BA3E50038B2C1 /* ViewController.swift */,
				7629CD11287BA3E50038B2C1 /* Main.storyboard */,
				76BF322C287BEDB500B4A763 /* emotionDiaryViewController.swift */,
				7629CD14287BA3E70038B2C1 /* Assets.xcassets */,
				7629CD16287BA3E70038B2C1 /* LaunchScreen.storyboard */,
				7629CD19287BA3E70038B2C1 /* Info.plist */,
			);
			path = "sesac-week2";
			sourceTree = "<group>";
		};
/* End PBXGroup section */

/* Begin PBXNativeTarget section */
		7629CD07287BA3E50038B2C1 /* sesac-week2 */ = {
			isa = PBXNativeTarget;
			buildConfigurationList = 7629CD1C287BA3E70038B2C1 /* Build configuration list for PBXNativeTarget "sesac-week2" */;
			buildPhases = (
				7629CD04287BA3E50038B2C1 /* Sources */,
				7629CD05287BA3E50038B2C1 /* Frameworks */,
				7629CD06287BA3E50038B2C1 /* Resources */,
			);
			buildRules = (
			);
			dependencies = (
			);
			name = "sesac-week2";
			productName = "sesac-week2";
			productReference = 7629CD08287BA3E50038B2C1 /* sesac-week2.app */;
			productType = "com.apple.product-type.application";
		};
/* End PBXNativeTarget section */

/* Begin PBXProject section */
		7629CD00287BA3E50038B2C1 /* Project object */ = {
			isa = PBXProject;
			attributes = {
				BuildIndependentTargetsInParallel = 1;
				LastSwiftUpdateCheck = 1330;
				LastUpgradeCheck = 1330;
				TargetAttributes = {
					7629CD07287BA3E50038B2C1 = {
						CreatedOnToolsVersion = 13.3.1;
					};
				};
			};
			buildConfigurationList = 7629CD03287BA3E50038B2C1 /* Build configuration list for PBXProject "sesac-week2" */;
			compatibilityVersion = "Xcode 13.0";
			developmentRegion = en;
			hasScannedForEncodings = 0;
			knownRegions = (
				en,
				Base,
			);
			mainGroup = 7629CCFF287BA3E50038B2C1;
			productRefGroup = 7629CD09287BA3E50038B2C1 /* Products */;
			projectDirPath = "";
			projectRoot = "";
			targets = (
				7629CD07287BA3E50038B2C1 /* sesac-week2 */,
			);
		};
/* End PBXProject section */

/* Begin PBXResourcesBuildPhase section */
		7629CD06287BA3E50038B2C1 /* Resources */ = {
			isa = PBXResourcesBuildPhase;
			buildActionMask = 2147483647;
			files = (
				7629CD18287BA3E70038B2C1 /* LaunchScreen.storyboard in Resources */,
				7629CD15287BA3E70038B2C1 /* Assets.xcassets in Resources */,
				7629CD13287BA3E50038B2C1 /* Main.storyboard in Resources */,
			);
			runOnlyForDeploymentPostprocessing = 0;
		};
/* End PBXResourcesBuildPhase section */

/* Begin PBXSourcesBuildPhase section */
		7629CD04287BA3E50038B2C1 /* Sources */ = {
			isa = PBXSourcesBuildPhase;
			buildActionMask = 2147483647;
			files = (
				76BF322D287BEDB500B4A763 /* emotionDiaryViewController.swift in Sources */,
				76C1962A287D16AD009C52B0 /* sesac0712ViewController.swift in Sources */,
				7629CD10287BA3E50038B2C1 /* ViewController.swift in Sources */,
				7629CD0C287BA3E50038B2C1 /* AppDelegate.swift in Sources */,
				7629CD0E287BA3E50038B2C1 /* SceneDelegate.swift in Sources */,
			);
			runOnlyForDeploymentPostprocessing = 0;
		};
/* End PBXSourcesBuildPhase section */

/* Begin PBXVariantGroup section */
		7629CD11287BA3E50038B2C1 /* Main.storyboard */ = {
			isa = PBXVariantGroup;
			children = (
				7629CD12287BA3E50038B2C1 /* Base */,
			);
			name = Main.storyboard;
			sourceTree = "<group>";
		};
		7629CD16287BA3E70038B2C1 /* LaunchScreen.storyboard */ = {
			isa = PBXVariantGroup;
			children = (
				7629CD17287BA3E70038B2C1 /* Base */,
			);
			name = LaunchScreen.storyboard;
			sourceTree = "<group>";
		};
/* End PBXVariantGroup section */

/* Begin XCBuildConfiguration section */
		7629CD1A287BA3E70038B2C1 /* Debug */ = {
			isa = XCBuildConfiguration;
			buildSettings = {
				ALWAYS_SEARCH_USER_PATHS = NO;
				CLANG_ANALYZER_NONNULL = YES;
				CLANG_ANALYZER_NUMBER_OBJECT_CONVERSION = YES_AGGRESSIVE;
				CLANG_CXX_LANGUAGE_STANDARD = "gnu++17";
				CLANG_ENABLE_MODULES = YES;
				CLANG_ENABLE_OBJC_ARC = YES;
				CLANG_ENABLE_OBJC_WEAK = YES;
				CLANG_WARN_BLOCK_CAPTURE_AUTORELEASING = YES;
				CLANG_WARN_BOOL_CONVERSION = YES;
				CLANG_WARN_COMMA = YES;
				CLANG_WARN_CONSTANT_CONVERSION = YES;
				CLANG_WARN_DEPRECATED_OBJC_IMPLEMENTATIONS = YES;
				CLANG_WARN_DIRECT_OBJC_ISA_USAGE = YES_ERROR;
				CLANG_WARN_DOCUMENTATION_COMMENTS = YES;
				CLANG_WARN_EMPTY_BODY = YES;
				CLANG_WARN_ENUM_CONVERSION = YES;
				CLANG_WARN_INFINITE_RECURSION = YES;
				CLANG_WARN_INT_CONVERSION = YES;
				CLANG_WARN_NON_LITERAL_NULL_CONVERSION = YES;
				CLANG_WARN_OBJC_IMPLICIT_RETAIN_SELF = YES;
				CLANG_WARN_OBJC_LITERAL_CONVERSION = YES;
				CLANG_WARN_OBJC_ROOT_CLASS = YES_ERROR;
				CLANG_WARN_QUOTED_INCLUDE_IN_FRAMEWORK_HEADER = YES;
				CLANG_WARN_RANGE_LOOP_ANALYSIS = YES;
				CLANG_WARN_STRICT_PROTOTYPES = YES;
				CLANG_WARN_SUSPICIOUS_MOVE = YES;
				CLANG_WARN_UNGUARDED_AVAILABILITY = YES_AGGRESSIVE;
				CLANG_WARN_UNREACHABLE_CODE = YES;
				CLANG_WARN__DUPLICATE_METHOD_MATCH = YES;
				COPY_PHASE_STRIP = NO;
				DEBUG_INFORMATION_FORMAT = dwarf;
				ENABLE_STRICT_OBJC_MSGSEND = YES;
				ENABLE_TESTABILITY = YES;
				GCC_C_LANGUAGE_STANDARD = gnu11;
				GCC_DYNAMIC_NO_PIC = NO;
				GCC_NO_COMMON_BLOCKS = YES;
				GCC_OPTIMIZATION_LEVEL = 0;
				GCC_PREPROCESSOR_DEFINITIONS = (
					"DEBUG=1",
					"$(inherited)",
				);
				GCC_WARN_64_TO_32_BIT_CONVERSION = YES;
				GCC_WARN_ABOUT_RETURN_TYPE = YES_ERROR;
				GCC_WARN_UNDECLARED_SELECTOR = YES;
				GCC_WARN_UNINITIALIZED_AUTOS = YES_AGGRESSIVE;
				GCC_WARN_UNUSED_FUNCTION = YES;
				GCC_WARN_UNUSED_VARIABLE = YES;
				IPHONEOS_DEPLOYMENT_TARGET = 15.4;
				MTL_ENABLE_DEBUG_INFO = INCLUDE_SOURCE;
				MTL_FAST_MATH = YES;
				ONLY_ACTIVE_ARCH = YES;
				SDKROOT = iphoneos;
				SWIFT_ACTIVE_COMPILATION_CONDITIONS = DEBUG;
				SWIFT_OPTIMIZATION_LEVEL = "-Onone";
			};
			name = Debug;
		};
		7629CD1B287BA3E70038B2C1 /* Release */ = {
			isa = XCBuildConfiguration;
			buildSettings = {
				ALWAYS_SEARCH_USER_PATHS = NO;
				CLANG_ANALYZER_NONNULL = YES;
				CLANG_ANALYZER_NUMBER_OBJECT_CONVERSION = YES_AGGRESSIVE;
				CLANG_CXX_LANGUAGE_STANDARD = "gnu++17";
				CLANG_ENABLE_MODULES = YES;
				CLANG_ENABLE_OBJC_ARC = YES;
				CLANG_ENABLE_OBJC_WEAK = YES;
				CLANG_WARN_BLOCK_CAPTURE_AUTORELEASING = YES;
				CLANG_WARN_BOOL_CONVERSION = YES;
				CLANG_WARN_COMMA = YES;
				CLANG_WARN_CONSTANT_CONVERSION = YES;
				CLANG_WARN_DEPRECATED_OBJC_IMPLEMENTATIONS = YES;
				CLANG_WARN_DIRECT_OBJC_ISA_USAGE = YES_ERROR;
				CLANG_WARN_DOCUMENTATION_COMMENTS = YES;
				CLANG_WARN_EMPTY_BODY = YES;
				CLANG_WARN_ENUM_CONVERSION = YES;
				CLANG_WARN_INFINITE_RECURSION = YES;
				CLANG_WARN_INT_CONVERSION = YES;
				CLANG_WARN_NON_LITERAL_NULL_CONVERSION = YES;
				CLANG_WARN_OBJC_IMPLICIT_RETAIN_SELF = YES;
				CLANG_WARN_OBJC_LITERAL_CONVERSION = YES;
				CLANG_WARN_OBJC_ROOT_CLASS = YES_ERROR;
				CLANG_WARN_QUOTED_INCLUDE_IN_FRAMEWORK_HEADER = YES;
				CLANG_WARN_RANGE_LOOP_ANALYSIS = YES;
				CLANG_WARN_STRICT_PROTOTYPES = YES;
				CLANG_WARN_SUSPICIOUS_MOVE = YES;
				CLANG_WARN_UNGUARDED_AVAILABILITY = YES_AGGRESSIVE;
				CLANG_WARN_UNREACHABLE_CODE = YES;
				CLANG_WARN__DUPLICATE_METHOD_MATCH = YES;
				COPY_PHASE_STRIP = NO;
				DEBUG_INFORMATION_FORMAT = "dwarf-with-dsym";
				ENABLE_NS_ASSERTIONS = NO;
				ENABLE_STRICT_OBJC_MSGSEND = YES;
				GCC_C_LANGUAGE_STANDARD = gnu11;
				GCC_NO_COMMON_BLOCKS = YES;
				GCC_WARN_64_TO_32_BIT_CONVERSION = YES;
				GCC_WARN_ABOUT_RETURN_TYPE = YES_ERROR;
				GCC_WARN_UNDECLARED_SELECTOR = YES;
				GCC_WARN_UNINITIALIZED_AUTOS = YES_AGGRESSIVE;
				GCC_WARN_UNUSED_FUNCTION = YES;
				GCC_WARN_UNUSED_VARIABLE = YES;
				IPHONEOS_DEPLOYMENT_TARGET = 15.4;
				MTL_ENABLE_DEBUG_INFO = NO;
				MTL_FAST_MATH = YES;
				SDKROOT = iphoneos;
				SWIFT_COMPILATION_MODE = wholemodule;
				SWIFT_OPTIMIZATION_LEVEL = "-O";
				VALIDATE_PRODUCT = YES;
			};
			name = Release;
		};
		7629CD1D287BA3E70038B2C1 /* Debug */ = {
			isa = XCBuildConfiguration;
			buildSettings = {
				ASSETCATALOG_COMPILER_APPICON_NAME = AppIcon;
				ASSETCATALOG_COMPILER_GLOBAL_ACCENT_COLOR_NAME = AccentColor;
				CODE_SIGN_STYLE = Automatic;
				CURRENT_PROJECT_VERSION = 1;
				DEVELOPMENT_TEAM = RJ93CKCV9A;
				GENERATE_INFOPLIST_FILE = YES;
				INFOPLIST_FILE = "sesac-week2/Info.plist";
				INFOPLIST_KEY_UIApplicationSupportsIndirectInputEvents = YES;
				INFOPLIST_KEY_UILaunchStoryboardName = LaunchScreen;
				INFOPLIST_KEY_UIMainStoryboardFile = Main;
				INFOPLIST_KEY_UISupportedInterfaceOrientations_iPad = "UIInterfaceOrientationPortrait UIInterfaceOrientationPortraitUpsideDown UIInterfaceOrientationLandscapeLeft UIInterfaceOrientationLandscapeRight";
				INFOPLIST_KEY_UISupportedInterfaceOrientations_iPhone = "UIInterfaceOrientationPortrait UIInterfaceOrientationLandscapeLeft UIInterfaceOrientationLandscapeRight";
				IPHONEOS_DEPLOYMENT_TARGET = 13.0;
				LD_RUNPATH_SEARCH_PATHS = (
					"$(inherited)",
					"@executable_path/Frameworks",
				);
				MARKETING_VERSION = 1.0;
				PRODUCT_BUNDLE_IDENTIFIER = "com.vonreal.sesac-week2";
				PRODUCT_NAME = "$(TARGET_NAME)";
				SWIFT_EMIT_LOC_STRINGS = YES;
				SWIFT_VERSION = 5.0;
				TARGETED_DEVICE_FAMILY = 1;
			};
			name = Debug;
		};
		7629CD1E287BA3E70038B2C1 /* Release */ = {
			isa = XCBuildConfiguration;
			buildSettings = {
				ASSETCATALOG_COMPILER_APPICON_NAME = AppIcon;
				ASSETCATALOG_COMPILER_GLOBAL_ACCENT_COLOR_NAME = AccentColor;
				CODE_SIGN_STYLE = Automatic;
				CURRENT_PROJECT_VERSION = 1;
				DEVELOPMENT_TEAM = RJ93CKCV9A;
				GENERATE_INFOPLIST_FILE = YES;
				INFOPLIST_FILE = "sesac-week2/Info.plist";
				INFOPLIST_KEY_UIApplicationSupportsIndirectInputEvents = YES;
				INFOPLIST_KEY_UILaunchStoryboardName = LaunchScreen;
				INFOPLIST_KEY_UIMainStoryboardFile = Main;
				INFOPLIST_KEY_UISupportedInterfaceOrientations_iPad = "UIInterfaceOrientationPortrait UIInterfaceOrientationPortraitUpsideDown UIInterfaceOrientationLandscapeLeft UIInterfaceOrientationLandscapeRight";
				INFOPLIST_KEY_UISupportedInterfaceOrientations_iPhone = "UIInterfaceOrientationPortrait UIInterfaceOrientationLandscapeLeft UIInterfaceOrientationLandscapeRight";
				IPHONEOS_DEPLOYMENT_TARGET = 13.0;
				LD_RUNPATH_SEARCH_PATHS = (
					"$(inherited)",
					"@executable_path/Frameworks",
				);
				MARKETING_VERSION = 1.0;
				PRODUCT_BUNDLE_IDENTIFIER = "com.vonreal.sesac-week2";
				PRODUCT_NAME = "$(TARGET_NAME)";
				SWIFT_EMIT_LOC_STRINGS = YES;
				SWIFT_VERSION = 5.0;
				TARGETED_DEVICE_FAMILY = 1;
			};
			name = Release;
		};
/* End XCBuildConfiguration section */

/* Begin XCConfigurationList section */
		7629CD03287BA3E50038B2C1 /* Build configuration list for PBXProject "sesac-week2" */ = {
			isa = XCConfigurationList;
			buildConfigurations = (
				7629CD1A287BA3E70038B2C1 /* Debug */,
				7629CD1B287BA3E70038B2C1 /* Release */,
			);
			defaultConfigurationIsVisible = 0;
			defaultConfigurationName = Release;
		};
		7629CD1C287BA3E70038B2C1 /* Build configuration list for PBXNativeTarget "sesac-week2" */ = {
			isa = XCConfigurationList;
			buildConfigurations = (
				7629CD1D287BA3E70038B2C1 /* Debug */,
				7629CD1E287BA3E70038B2C1 /* Release */,
			);
			defaultConfigurationIsVisible = 0;
			defaultConfigurationName = Release;
		};
/* End XCConfigurationList section */
	};
	rootObject = 7629CD00287BA3E50038B2C1 /* Project object */;
}
